
Microsoft Visual Studio Solution File, Format Version 12.00
# Visual Studio 15
VisualStudioVersion = 15.0.28010.2046
MinimumVisualStudioVersion = 10.0.40219.1
Project("{FAE04EC0-301F-11D3-BF4B-00C04F79EFBC}") = "Kursovaya_rabota", "Kursovaya_rabota\Kursovaya_rabota.csproj", "{57696DE5-5DE2-4936-B3C6-15B3208DE9B9}"
EndProject
Global
	GlobalSection(SolutionConfigurationPlatforms) = preSolution
		Debug|Any CPU = Debug|Any CPU
		Release|Any CPU = Release|Any CPU
	EndGlobalSection
	GlobalSection(ProjectConfigurationPlatforms) = postSolution
		{57696DE5-5DE2-4936-B3C6-15B3208DE9B9}.Debug|Any CPU.ActiveCfg = Debug|Any CPU
		{57696DE5-5DE2-4936-B3C6-15B3208DE9B9}.Debug|Any CPU.Build.0 = Debug|Any CPU
		{57696DE5-5DE2-4936-B3C6-15B3208DE9B9}.Release|Any CPU.ActiveCfg = Release|Any CPU
		{57696DE5-5DE2-4936-B3C6-15B3208DE9B9}.Release|Any CPU.Build.0 = Release|Any CPU
	EndGlobalSection
	GlobalSection(SolutionProperties) = preSolution
		HideSolutionNode = FALSE
	EndGlobalSection
	GlobalSection(ExtensibilityGlobals) = postSolution
		SolutionGuid = {A1E7D8D5-4A68-498A-A77F-9820B9626A00}
	EndGlobalSection
EndGlobal
